// !$*UTF8*$!
{
	archiveVersion = 1;
	classes = {
	};
	objectVersion = 56;
	objects = {

/* Begin PBXBuildFile section */
		369EAD362A49467300FB57FA /* View+Extensions.swift in Sources */ = {isa = PBXBuildFile; fileRef = 369EAD352A49467300FB57FA /* View+Extensions.swift */; };
		369EAD382A494A9400FB57FA /* UIScreen+Extensions.swift in Sources */ = {isa = PBXBuildFile; fileRef = 369EAD372A494A9400FB57FA /* UIScreen+Extensions.swift */; };
		369EAD3B2A494D8200FB57FA /* OnboardingViewModel.swift in Sources */ = {isa = PBXBuildFile; fileRef = 369EAD3A2A494D8200FB57FA /* OnboardingViewModel.swift */; };
		369EAD3F2A49671D00FB57FA /* AuthView.swift in Sources */ = {isa = PBXBuildFile; fileRef = 369EAD3E2A49671D00FB57FA /* AuthView.swift */; };
		36B6D76A2A492C1400054040 /* FoodieApp.swift in Sources */ = {isa = PBXBuildFile; fileRef = 36B6D7692A492C1400054040 /* FoodieApp.swift */; };
		36B6D76C2A492C1400054040 /* ContentView.swift in Sources */ = {isa = PBXBuildFile; fileRef = 36B6D76B2A492C1400054040 /* ContentView.swift */; };
		36B6D76E2A492C1500054040 /* Assets.xcassets in Resources */ = {isa = PBXBuildFile; fileRef = 36B6D76D2A492C1500054040 /* Assets.xcassets */; };
		36B6D7712A492C1500054040 /* Preview Assets.xcassets in Resources */ = {isa = PBXBuildFile; fileRef = 36B6D7702A492C1500054040 /* Preview Assets.xcassets */; };
		36B6D77B2A492CE100054040 /* Launch Screen.storyboard in Resources */ = {isa = PBXBuildFile; fileRef = 36B6D77A2A492CE100054040 /* Launch Screen.storyboard */; };
		36B6D77F2A492E8700054040 /* OnboardingView.swift in Sources */ = {isa = PBXBuildFile; fileRef = 36B6D77E2A492E8700054040 /* OnboardingView.swift */; };
		36B6D7822A493DC300054040 /* Color+Extensions.swift in Sources */ = {isa = PBXBuildFile; fileRef = 36B6D7812A493DC300054040 /* Color+Extensions.swift */; };
		36B6D7862A49406400054040 /* OpenSans-Italic-VariableFont_wdth,wght.ttf in Resources */ = {isa = PBXBuildFile; fileRef = 36B6D7842A49406400054040 /* OpenSans-Italic-VariableFont_wdth,wght.ttf */; };
		36B6D7872A49406400054040 /* OpenSans-VariableFont_wdth,wght.ttf in Resources */ = {isa = PBXBuildFile; fileRef = 36B6D7852A49406400054040 /* OpenSans-VariableFont_wdth,wght.ttf */; };
		36B6D78B2A49412E00054040 /* FontModifier.swift in Sources */ = {isa = PBXBuildFile; fileRef = 36B6D78A2A49412E00054040 /* FontModifier.swift */; };
		36B6D78E2A49417800054040 /* Constants.swift in Sources */ = {isa = PBXBuildFile; fileRef = 36B6D78D2A49417800054040 /* Constants.swift */; };
		BFB4A37B2A4A596800CF4D2F /* BackgroundView.swift in Sources */ = {isa = PBXBuildFile; fileRef = BFB4A37A2A4A596800CF4D2F /* BackgroundView.swift */; };
		BFB4A37E2A4A5B6200CF4D2F /* RectangleOneSideCurveShape.swift in Sources */ = {isa = PBXBuildFile; fileRef = BFB4A37D2A4A5B6200CF4D2F /* RectangleOneSideCurveShape.swift */; };
/* End PBXBuildFile section */

/* Begin PBXFileReference section */
		369EAD352A49467300FB57FA /* View+Extensions.swift */ = {isa = PBXFileReference; lastKnownFileType = sourcecode.swift; path = "View+Extensions.swift"; sourceTree = "<group>"; };
		369EAD372A494A9400FB57FA /* UIScreen+Extensions.swift */ = {isa = PBXFileReference; lastKnownFileType = sourcecode.swift; path = "UIScreen+Extensions.swift"; sourceTree = "<group>"; };
		369EAD3A2A494D8200FB57FA /* OnboardingViewModel.swift */ = {isa = PBXFileReference; lastKnownFileType = sourcecode.swift; path = OnboardingViewModel.swift; sourceTree = "<group>"; };
		369EAD3E2A49671D00FB57FA /* AuthView.swift */ = {isa = PBXFileReference; lastKnownFileType = sourcecode.swift; path = AuthView.swift; sourceTree = "<group>"; };
		36B6D7662A492C1400054040 /* Foodie.app */ = {isa = PBXFileReference; explicitFileType = wrapper.application; includeInIndex = 0; path = Foodie.app; sourceTree = BUILT_PRODUCTS_DIR; };
		36B6D7692A492C1400054040 /* FoodieApp.swift */ = {isa = PBXFileReference; lastKnownFileType = sourcecode.swift; path = FoodieApp.swift; sourceTree = "<group>"; };
		36B6D76B2A492C1400054040 /* ContentView.swift */ = {isa = PBXFileReference; lastKnownFileType = sourcecode.swift; path = ContentView.swift; sourceTree = "<group>"; };
		36B6D76D2A492C1500054040 /* Assets.xcassets */ = {isa = PBXFileReference; lastKnownFileType = folder.assetcatalog; path = Assets.xcassets; sourceTree = "<group>"; };
		36B6D7702A492C1500054040 /* Preview Assets.xcassets */ = {isa = PBXFileReference; lastKnownFileType = folder.assetcatalog; path = "Preview Assets.xcassets"; sourceTree = "<group>"; };
		36B6D77A2A492CE100054040 /* Launch Screen.storyboard */ = {isa = PBXFileReference; lastKnownFileType = file.storyboard; path = "Launch Screen.storyboard"; sourceTree = "<group>"; };
		36B6D77E2A492E8700054040 /* OnboardingView.swift */ = {isa = PBXFileReference; lastKnownFileType = sourcecode.swift; path = OnboardingView.swift; sourceTree = "<group>"; };
		36B6D7812A493DC300054040 /* Color+Extensions.swift */ = {isa = PBXFileReference; lastKnownFileType = sourcecode.swift; path = "Color+Extensions.swift"; sourceTree = "<group>"; };
		36B6D7842A49406400054040 /* OpenSans-Italic-VariableFont_wdth,wght.ttf */ = {isa = PBXFileReference; lastKnownFileType = file; path = "OpenSans-Italic-VariableFont_wdth,wght.ttf"; sourceTree = "<group>"; };
		36B6D7852A49406400054040 /* OpenSans-VariableFont_wdth,wght.ttf */ = {isa = PBXFileReference; lastKnownFileType = file; path = "OpenSans-VariableFont_wdth,wght.ttf"; sourceTree = "<group>"; };
		36B6D7882A49408900054040 /* Info.plist */ = {isa = PBXFileReference; lastKnownFileType = text.plist; path = Info.plist; sourceTree = "<group>"; };
		36B6D78A2A49412E00054040 /* FontModifier.swift */ = {isa = PBXFileReference; lastKnownFileType = sourcecode.swift; path = FontModifier.swift; sourceTree = "<group>"; };
		36B6D78D2A49417800054040 /* Constants.swift */ = {isa = PBXFileReference; lastKnownFileType = sourcecode.swift; path = Constants.swift; sourceTree = "<group>"; };
		BFB4A37A2A4A596800CF4D2F /* BackgroundView.swift */ = {isa = PBXFileReference; lastKnownFileType = sourcecode.swift; path = BackgroundView.swift; sourceTree = "<group>"; };
		BFB4A37D2A4A5B6200CF4D2F /* RectangleOneSideCurveShape.swift */ = {isa = PBXFileReference; lastKnownFileType = sourcecode.swift; path = RectangleOneSideCurveShape.swift; sourceTree = "<group>"; };
/* End PBXFileReference section */

/* Begin PBXFrameworksBuildPhase section */
		36B6D7632A492C1400054040 /* Frameworks */ = {
			isa = PBXFrameworksBuildPhase;
			buildActionMask = 2147483647;
			files = (
			);
			runOnlyForDeploymentPostprocessing = 0;
		};
/* End PBXFrameworksBuildPhase section */

/* Begin PBXGroup section */
		369EAD392A494D6A00FB57FA /* ViewModel */ = {
			isa = PBXGroup;
			children = (
				369EAD3A2A494D8200FB57FA /* OnboardingViewModel.swift */,
			);
			path = ViewModel;
			sourceTree = "<group>";
		};
		369EAD3C2A4966EA00FB57FA /* Auth */ = {
			isa = PBXGroup;
			children = (
				369EAD3E2A49671D00FB57FA /* AuthView.swift */,
			);
			path = Auth;
			sourceTree = "<group>";
		};
		36B6D75D2A492C1400054040 = {
			isa = PBXGroup;
			children = (
				36B6D7682A492C1400054040 /* Foodie */,
				36B6D7672A492C1400054040 /* Products */,
			);
			sourceTree = "<group>";
		};
		36B6D7672A492C1400054040 /* Products */ = {
			isa = PBXGroup;
			children = (
				36B6D7662A492C1400054040 /* Foodie.app */,
			);
			name = Products;
			sourceTree = "<group>";
		};
		36B6D7682A492C1400054040 /* Foodie */ = {
			isa = PBXGroup;
			children = (
				BFB4A37C2A4A5B3F00CF4D2F /* Shape */,
				36B6D78C2A49416F00054040 /* Common */,
				36B6D7892A4940ED00054040 /* ViewBuilder */,
				36B6D7882A49408900054040 /* Info.plist */,
				36B6D7832A49405100054040 /* Font */,
				36B6D7802A493DB500054040 /* Extensions */,
				36B6D7692A492C1400054040 /* FoodieApp.swift */,
				369EAD392A494D6A00FB57FA /* ViewModel */,
				36B6D77C2A492E1900054040 /* View */,
				36B6D76D2A492C1500054040 /* Assets.xcassets */,
				36B6D76F2A492C1500054040 /* Preview Content */,
				36B6D77A2A492CE100054040 /* Launch Screen.storyboard */,
			);
			path = Foodie;
			sourceTree = "<group>";
		};
		36B6D76F2A492C1500054040 /* Preview Content */ = {
			isa = PBXGroup;
			children = (
				36B6D7702A492C1500054040 /* Preview Assets.xcassets */,
			);
			path = "Preview Content";
			sourceTree = "<group>";
		};
		36B6D77C2A492E1900054040 /* View */ = {
			isa = PBXGroup;
			children = (
				36B6D76B2A492C1400054040 /* ContentView.swift */,
				369EAD3C2A4966EA00FB57FA /* Auth */,
				36B6D77D2A492E2400054040 /* Onboarding */,
				BFB4A37A2A4A596800CF4D2F /* BackgroundView.swift */,
			);
			path = View;
			sourceTree = "<group>";
		};
		36B6D77D2A492E2400054040 /* Onboarding */ = {
			isa = PBXGroup;
			children = (
				36B6D77E2A492E8700054040 /* OnboardingView.swift */,
			);
			path = Onboarding;
			sourceTree = "<group>";
		};
		36B6D7802A493DB500054040 /* Extensions */ = {
			isa = PBXGroup;
			children = (
				36B6D7812A493DC300054040 /* Color+Extensions.swift */,
				369EAD352A49467300FB57FA /* View+Extensions.swift */,
				369EAD372A494A9400FB57FA /* UIScreen+Extensions.swift */,
			);
			path = Extensions;
			sourceTree = "<group>";
		};
		36B6D7832A49405100054040 /* Font */ = {
			isa = PBXGroup;
			children = (
				36B6D7842A49406400054040 /* OpenSans-Italic-VariableFont_wdth,wght.ttf */,
				36B6D7852A49406400054040 /* OpenSans-VariableFont_wdth,wght.ttf */,
			);
			path = Font;
			sourceTree = "<group>";
		};
		36B6D7892A4940ED00054040 /* ViewBuilder */ = {
			isa = PBXGroup;
			children = (
				36B6D78A2A49412E00054040 /* FontModifier.swift */,
			);
			path = ViewBuilder;
			sourceTree = "<group>";
		};
		36B6D78C2A49416F00054040 /* Common */ = {
			isa = PBXGroup;
			children = (
				36B6D78D2A49417800054040 /* Constants.swift */,
			);
			path = Common;
			sourceTree = "<group>";
		};
		BFB4A37C2A4A5B3F00CF4D2F /* Shape */ = {
			isa = PBXGroup;
			children = (
				BFB4A37D2A4A5B6200CF4D2F /* RectangleOneSideCurveShape.swift */,
			);
			path = Shape;
			sourceTree = "<group>";
		};
/* End PBXGroup section */

/* Begin PBXNativeTarget section */
		36B6D7652A492C1400054040 /* Foodie */ = {
			isa = PBXNativeTarget;
			buildConfigurationList = 36B6D7742A492C1500054040 /* Build configuration list for PBXNativeTarget "Foodie" */;
			buildPhases = (
				36B6D7622A492C1400054040 /* Sources */,
				36B6D7632A492C1400054040 /* Frameworks */,
				36B6D7642A492C1400054040 /* Resources */,
			);
			buildRules = (
			);
			dependencies = (
			);
			name = Foodie;
			productName = Foodie;
			productReference = 36B6D7662A492C1400054040 /* Foodie.app */;
			productType = "com.apple.product-type.application";
		};
/* End PBXNativeTarget section */

/* Begin PBXProject section */
		36B6D75E2A492C1400054040 /* Project object */ = {
			isa = PBXProject;
			attributes = {
				BuildIndependentTargetsInParallel = 1;
				LastSwiftUpdateCheck = 1430;
				LastUpgradeCheck = 1430;
				TargetAttributes = {
					36B6D7652A492C1400054040 = {
						CreatedOnToolsVersion = 14.3.1;
					};
				};
			};
			buildConfigurationList = 36B6D7612A492C1400054040 /* Build configuration list for PBXProject "Foodie" */;
			compatibilityVersion = "Xcode 14.0";
			developmentRegion = en;
			hasScannedForEncodings = 0;
			knownRegions = (
				en,
				Base,
			);
			mainGroup = 36B6D75D2A492C1400054040;
			productRefGroup = 36B6D7672A492C1400054040 /* Products */;
			projectDirPath = "";
			projectRoot = "";
			targets = (
				36B6D7652A492C1400054040 /* Foodie */,
			);
		};
/* End PBXProject section */

/* Begin PBXResourcesBuildPhase section */
		36B6D7642A492C1400054040 /* Resources */ = {
			isa = PBXResourcesBuildPhase;
			buildActionMask = 2147483647;
			files = (
				36B6D77B2A492CE100054040 /* Launch Screen.storyboard in Resources */,
				36B6D7712A492C1500054040 /* Preview Assets.xcassets in Resources */,
				36B6D7862A49406400054040 /* OpenSans-Italic-VariableFont_wdth,wght.ttf in Resources */,
				36B6D76E2A492C1500054040 /* Assets.xcassets in Resources */,
				36B6D7872A49406400054040 /* OpenSans-VariableFont_wdth,wght.ttf in Resources */,
			);
			runOnlyForDeploymentPostprocessing = 0;
		};
/* End PBXResourcesBuildPhase section */

/* Begin PBXSourcesBuildPhase section */
		36B6D7622A492C1400054040 /* Sources */ = {
			isa = PBXSourcesBuildPhase;
			buildActionMask = 2147483647;
			files = (
				36B6D77F2A492E8700054040 /* OnboardingView.swift in Sources */,
				36B6D76C2A492C1400054040 /* ContentView.swift in Sources */,
				BFB4A37B2A4A596800CF4D2F /* BackgroundView.swift in Sources */,
				36B6D78B2A49412E00054040 /* FontModifier.swift in Sources */,
				369EAD362A49467300FB57FA /* View+Extensions.swift in Sources */,
				369EAD3B2A494D8200FB57FA /* OnboardingViewModel.swift in Sources */,
				36B6D76A2A492C1400054040 /* FoodieApp.swift in Sources */,
				369EAD3F2A49671D00FB57FA /* AuthView.swift in Sources */,
				369EAD382A494A9400FB57FA /* UIScreen+Extensions.swift in Sources */,
				BFB4A37E2A4A5B6200CF4D2F /* RectangleOneSideCurveShape.swift in Sources */,
				36B6D7822A493DC300054040 /* Color+Extensions.swift in Sources */,
				36B6D78E2A49417800054040 /* Constants.swift in Sources */,
			);
			runOnlyForDeploymentPostprocessing = 0;
		};
/* End PBXSourcesBuildPhase section */

/* Begin XCBuildConfiguration section */
		36B6D7722A492C1500054040 /* Debug */ = {
			isa = XCBuildConfiguration;
			buildSettings = {
				ALWAYS_SEARCH_USER_PATHS = NO;
				CLANG_ANALYZER_NONNULL = YES;
				CLANG_ANALYZER_NUMBER_OBJECT_CONVERSION = YES_AGGRESSIVE;
				CLANG_CXX_LANGUAGE_STANDARD = "gnu++20";
				CLANG_ENABLE_MODULES = YES;
				CLANG_ENABLE_OBJC_ARC = YES;
				CLANG_ENABLE_OBJC_WEAK = YES;
				CLANG_WARN_BLOCK_CAPTURE_AUTORELEASING = YES;
				CLANG_WARN_BOOL_CONVERSION = YES;
				CLANG_WARN_COMMA = YES;
				CLANG_WARN_CONSTANT_CONVERSION = YES;
				CLANG_WARN_DEPRECATED_OBJC_IMPLEMENTATIONS = YES;
				CLANG_WARN_DIRECT_OBJC_ISA_USAGE = YES_ERROR;
				CLANG_WARN_DOCUMENTATION_COMMENTS = YES;
				CLANG_WARN_EMPTY_BODY = YES;
				CLANG_WARN_ENUM_CONVERSION = YES;
				CLANG_WARN_INFINITE_RECURSION = YES;
				CLANG_WARN_INT_CONVERSION = YES;
				CLANG_WARN_NON_LITERAL_NULL_CONVERSION = YES;
				CLANG_WARN_OBJC_IMPLICIT_RETAIN_SELF = YES;
				CLANG_WARN_OBJC_LITERAL_CONVERSION = YES;
				CLANG_WARN_OBJC_ROOT_CLASS = YES_ERROR;
				CLANG_WARN_QUOTED_INCLUDE_IN_FRAMEWORK_HEADER = YES;
				CLANG_WARN_RANGE_LOOP_ANALYSIS = YES;
				CLANG_WARN_STRICT_PROTOTYPES = YES;
				CLANG_WARN_SUSPICIOUS_MOVE = YES;
				CLANG_WARN_UNGUARDED_AVAILABILITY = YES_AGGRESSIVE;
				CLANG_WARN_UNREACHABLE_CODE = YES;
				CLANG_WARN__DUPLICATE_METHOD_MATCH = YES;
				COPY_PHASE_STRIP = NO;
				DEBUG_INFORMATION_FORMAT = dwarf;
				ENABLE_STRICT_OBJC_MSGSEND = YES;
				ENABLE_TESTABILITY = YES;
				GCC_C_LANGUAGE_STANDARD = gnu11;
				GCC_DYNAMIC_NO_PIC = NO;
				GCC_NO_COMMON_BLOCKS = YES;
				GCC_OPTIMIZATION_LEVEL = 0;
				GCC_PREPROCESSOR_DEFINITIONS = (
					"DEBUG=1",
					"$(inherited)",
				);
				GCC_WARN_64_TO_32_BIT_CONVERSION = YES;
				GCC_WARN_ABOUT_RETURN_TYPE = YES_ERROR;
				GCC_WARN_UNDECLARED_SELECTOR = YES;
				GCC_WARN_UNINITIALIZED_AUTOS = YES_AGGRESSIVE;
				GCC_WARN_UNUSED_FUNCTION = YES;
				GCC_WARN_UNUSED_VARIABLE = YES;
				IPHONEOS_DEPLOYMENT_TARGET = 16.4;
				MTL_ENABLE_DEBUG_INFO = INCLUDE_SOURCE;
				MTL_FAST_MATH = YES;
				ONLY_ACTIVE_ARCH = YES;
				SDKROOT = iphoneos;
				SWIFT_ACTIVE_COMPILATION_CONDITIONS = DEBUG;
				SWIFT_OPTIMIZATION_LEVEL = "-Onone";
			};
			name = Debug;
		};
		36B6D7732A492C1500054040 /* Release */ = {
			isa = XCBuildConfiguration;
			buildSettings = {
				ALWAYS_SEARCH_USER_PATHS = NO;
				CLANG_ANALYZER_NONNULL = YES;
				CLANG_ANALYZER_NUMBER_OBJECT_CONVERSION = YES_AGGRESSIVE;
				CLANG_CXX_LANGUAGE_STANDARD = "gnu++20";
				CLANG_ENABLE_MODULES = YES;
				CLANG_ENABLE_OBJC_ARC = YES;
				CLANG_ENABLE_OBJC_WEAK = YES;
				CLANG_WARN_BLOCK_CAPTURE_AUTORELEASING = YES;
				CLANG_WARN_BOOL_CONVERSION = YES;
				CLANG_WARN_COMMA = YES;
				CLANG_WARN_CONSTANT_CONVERSION = YES;
				CLANG_WARN_DEPRECATED_OBJC_IMPLEMENTATIONS = YES;
				CLANG_WARN_DIRECT_OBJC_ISA_USAGE = YES_ERROR;
				CLANG_WARN_DOCUMENTATION_COMMENTS = YES;
				CLANG_WARN_EMPTY_BODY = YES;
				CLANG_WARN_ENUM_CONVERSION = YES;
				CLANG_WARN_INFINITE_RECURSION = YES;
				CLANG_WARN_INT_CONVERSION = YES;
				CLANG_WARN_NON_LITERAL_NULL_CONVERSION = YES;
				CLANG_WARN_OBJC_IMPLICIT_RETAIN_SELF = YES;
				CLANG_WARN_OBJC_LITERAL_CONVERSION = YES;
				CLANG_WARN_OBJC_ROOT_CLASS = YES_ERROR;
				CLANG_WARN_QUOTED_INCLUDE_IN_FRAMEWORK_HEADER = YES;
				CLANG_WARN_RANGE_LOOP_ANALYSIS = YES;
				CLANG_WARN_STRICT_PROTOTYPES = YES;
				CLANG_WARN_SUSPICIOUS_MOVE = YES;
				CLANG_WARN_UNGUARDED_AVAILABILITY = YES_AGGRESSIVE;
				CLANG_WARN_UNREACHABLE_CODE = YES;
				CLANG_WARN__DUPLICATE_METHOD_MATCH = YES;
				COPY_PHASE_STRIP = NO;
				DEBUG_INFORMATION_FORMAT = "dwarf-with-dsym";
				ENABLE_NS_ASSERTIONS = NO;
				ENABLE_STRICT_OBJC_MSGSEND = YES;
				GCC_C_LANGUAGE_STANDARD = gnu11;
				GCC_NO_COMMON_BLOCKS = YES;
				GCC_WARN_64_TO_32_BIT_CONVERSION = YES;
				GCC_WARN_ABOUT_RETURN_TYPE = YES_ERROR;
				GCC_WARN_UNDECLARED_SELECTOR = YES;
				GCC_WARN_UNINITIALIZED_AUTOS = YES_AGGRESSIVE;
				GCC_WARN_UNUSED_FUNCTION = YES;
				GCC_WARN_UNUSED_VARIABLE = YES;
				IPHONEOS_DEPLOYMENT_TARGET = 16.4;
				MTL_ENABLE_DEBUG_INFO = NO;
				MTL_FAST_MATH = YES;
				SDKROOT = iphoneos;
				SWIFT_COMPILATION_MODE = wholemodule;
				SWIFT_OPTIMIZATION_LEVEL = "-O";
				VALIDATE_PRODUCT = YES;
			};
			name = Release;
		};
		36B6D7752A492C1500054040 /* Debug */ = {
			isa = XCBuildConfiguration;
			buildSettings = {
				ASSETCATALOG_COMPILER_APPICON_NAME = AppIcon;
				ASSETCATALOG_COMPILER_GLOBAL_ACCENT_COLOR_NAME = AccentColor;
				ASSETCATALOG_COMPILER_INCLUDE_ALL_APPICON_ASSETS = NO;
				CODE_SIGN_STYLE = Automatic;
				CURRENT_PROJECT_VERSION = 1;
				DEVELOPMENT_ASSET_PATHS = "\"Foodie/Preview Content\"";
				DEVELOPMENT_TEAM = QZXZTUZ9QX;
				ENABLE_PREVIEWS = YES;
				GENERATE_INFOPLIST_FILE = YES;
				INFOPLIST_FILE = Foodie/Info.plist;
				INFOPLIST_KEY_UIApplicationSceneManifest_Generation = YES;
				INFOPLIST_KEY_UIApplicationSupportsIndirectInputEvents = YES;
				INFOPLIST_KEY_UILaunchStoryboardName = "Launch Screen.storyboard";
				INFOPLIST_KEY_UISupportedInterfaceOrientations_iPad = "UIInterfaceOrientationPortrait UIInterfaceOrientationPortraitUpsideDown UIInterfaceOrientationLandscapeLeft UIInterfaceOrientationLandscapeRight";
				INFOPLIST_KEY_UISupportedInterfaceOrientations_iPhone = "UIInterfaceOrientationPortrait UIInterfaceOrientationLandscapeLeft UIInterfaceOrientationLandscapeRight";
				LD_RUNPATH_SEARCH_PATHS = (
					"$(inherited)",
					"@executable_path/Frameworks",
				);
				MARKETING_VERSION = 1.0;
				PRODUCT_BUNDLE_IDENTIFIER = com.huyhdq.Foodie;
				PRODUCT_NAME = "$(TARGET_NAME)";
				SWIFT_EMIT_LOC_STRINGS = YES;
				SWIFT_VERSION = 5.0;
				TARGETED_DEVICE_FAMILY = "1,2";
			};
			name = Debug;
		};
		36B6D7762A492C1500054040 /* Release */ = {
			isa = XCBuildConfiguration;
			buildSettings = {
				ASSETCATALOG_COMPILER_APPICON_NAME = AppIcon;
				ASSETCATALOG_COMPILER_GLOBAL_ACCENT_COLOR_NAME = AccentColor;
				ASSETCATALOG_COMPILER_INCLUDE_ALL_APPICON_ASSETS = NO;
				CODE_SIGN_STYLE = Automatic;
				CURRENT_PROJECT_VERSION = 1;
				DEVELOPMENT_ASSET_PATHS = "\"Foodie/Preview Content\"";
				DEVELOPMENT_TEAM = QZXZTUZ9QX;
				ENABLE_PREVIEWS = YES;
				GENERATE_INFOPLIST_FILE = YES;
				INFOPLIST_FILE = Foodie/Info.plist;
				INFOPLIST_KEY_UIApplicationSceneManifest_Generation = YES;
				INFOPLIST_KEY_UIApplicationSupportsIndirectInputEvents = YES;
				INFOPLIST_KEY_UILaunchStoryboardName = "Launch Screen.storyboard";
				INFOPLIST_KEY_UISupportedInterfaceOrientations_iPad = "UIInterfaceOrientationPortrait UIInterfaceOrientationPortraitUpsideDown UIInterfaceOrientationLandscapeLeft UIInterfaceOrientationLandscapeRight";
				INFOPLIST_KEY_UISupportedInterfaceOrientations_iPhone = "UIInterfaceOrientationPortrait UIInterfaceOrientationLandscapeLeft UIInterfaceOrientationLandscapeRight";
				LD_RUNPATH_SEARCH_PATHS = (
					"$(inherited)",
					"@executable_path/Frameworks",
				);
				MARKETING_VERSION = 1.0;
				PRODUCT_BUNDLE_IDENTIFIER = com.huyhdq.Foodie;
				PRODUCT_NAME = "$(TARGET_NAME)";
				SWIFT_EMIT_LOC_STRINGS = YES;
				SWIFT_VERSION = 5.0;
				TARGETED_DEVICE_FAMILY = "1,2";
			};
			name = Release;
		};
/* End XCBuildConfiguration section */

/* Begin XCConfigurationList section */
		36B6D7612A492C1400054040 /* Build configuration list for PBXProject "Foodie" */ = {
			isa = XCConfigurationList;
			buildConfigurations = (
				36B6D7722A492C1500054040 /* Debug */,
				36B6D7732A492C1500054040 /* Release */,
			);
			defaultConfigurationIsVisible = 0;
			defaultConfigurationName = Release;
		};
		36B6D7742A492C1500054040 /* Build configuration list for PBXNativeTarget "Foodie" */ = {
			isa = XCConfigurationList;
			buildConfigurations = (
				36B6D7752A492C1500054040 /* Debug */,
				36B6D7762A492C1500054040 /* Release */,
			);
			defaultConfigurationIsVisible = 0;
			defaultConfigurationName = Release;
		};
/* End XCConfigurationList section */
	};
	rootObject = 36B6D75E2A492C1400054040 /* Project object */;
}
